
Microsoft Visual Studio Solution File, Format Version 12.00
# Visual Studio Version 16
VisualStudioVersion = 16.0.30523.141
MinimumVisualStudioVersion = 10.0.40219.1
Project("{FAE04EC0-301F-11D3-BF4B-00C04F79EFBC}") = "NETCOREM3_CodeFirst", "NETCOREM3_CodeFirst.csproj", "{787EFFE8-DBD8-40A6-9D1C-4B7CDDEA3443}"
EndProject
Global
	GlobalSection(SolutionConfigurationPlatforms) = preSolution
		Debug|Any CPU = Debug|Any CPU
		Release|Any CPU = Release|Any CPU
	EndGlobalSection
	GlobalSection(ProjectConfigurationPlatforms) = postSolution
		{787EFFE8-DBD8-40A6-9D1C-4B7CDDEA3443}.Debug|Any CPU.ActiveCfg = Debug|Any CPU
		{787EFFE8-DBD8-40A6-9D1C-4B7CDDEA3443}.Debug|Any CPU.Build.0 = Debug|Any CPU
		{787EFFE8-DBD8-40A6-9D1C-4B7CDDEA3443}.Release|Any CPU.ActiveCfg = Release|Any CPU
		{787EFFE8-DBD8-40A6-9D1C-4B7CDDEA3443}.Release|Any CPU.Build.0 = Release|Any CPU
	EndGlobalSection
	GlobalSection(SolutionProperties) = preSolution
		HideSolutionNode = FALSE
	EndGlobalSection
	GlobalSection(ExtensibilityGlobals) = postSolution
		SolutionGuid = {BCA25D95-865D-4669-BD97-458E0643A4BC}
	EndGlobalSection
EndGlobal
